// !$*UTF8*$!
{
	archiveVersion = 1;
	classes = {
	};
	objectVersion = 46;
	objects = {

/* Begin PBXBuildFile section */
		004D53851E63D4FA0031C558 /* AppDelegate.swift in Sources */ = {isa = PBXBuildFile; fileRef = 004D53841E63D4FA0031C558 /* AppDelegate.swift */; };
		004D53871E63D4FA0031C558 /* ViewController.swift in Sources */ = {isa = PBXBuildFile; fileRef = 004D53861E63D4FA0031C558 /* ViewController.swift */; };
		004D538A1E63D4FA0031C558 /* Main.storyboard in Resources */ = {isa = PBXBuildFile; fileRef = 004D53881E63D4FA0031C558 /* Main.storyboard */; };
		004D538C1E63D4FA0031C558 /* Assets.xcassets in Resources */ = {isa = PBXBuildFile; fileRef = 004D538B1E63D4FA0031C558 /* Assets.xcassets */; };
		004D538F1E63D4FA0031C558 /* LaunchScreen.storyboard in Resources */ = {isa = PBXBuildFile; fileRef = 004D538D1E63D4FA0031C558 /* LaunchScreen.storyboard */; };
		004D539A1E63D4FA0031C558 /* AutoLayoutByProgrammingTests.swift in Sources */ = {isa = PBXBuildFile; fileRef = 004D53991E63D4FA0031C558 /* AutoLayoutByProgrammingTests.swift */; };
		004D53A51E63D4FA0031C558 /* AutoLayoutByProgrammingUITests.swift in Sources */ = {isa = PBXBuildFile; fileRef = 004D53A41E63D4FA0031C558 /* AutoLayoutByProgrammingUITests.swift */; };
/* End PBXBuildFile section */

/* Begin PBXContainerItemProxy section */
		004D53961E63D4FA0031C558 /* PBXContainerItemProxy */ = {
			isa = PBXContainerItemProxy;
			containerPortal = 004D53791E63D4FA0031C558 /* Project object */;
			proxyType = 1;
			remoteGlobalIDString = 004D53801E63D4FA0031C558;
			remoteInfo = AutoLayoutByProgramming;
		};
		004D53A11E63D4FA0031C558 /* PBXContainerItemProxy */ = {
			isa = PBXContainerItemProxy;
			containerPortal = 004D53791E63D4FA0031C558 /* Project object */;
			proxyType = 1;
			remoteGlobalIDString = 004D53801E63D4FA0031C558;
			remoteInfo = AutoLayoutByProgramming;
		};
/* End PBXContainerItemProxy section */

/* Begin PBXFileReference section */
		004D53811E63D4FA0031C558 /* AutoLayoutByProgramming.app */ = {isa = PBXFileReference; explicitFileType = wrapper.application; includeInIndex = 0; path = AutoLayoutByProgramming.app; sourceTree = BUILT_PRODUCTS_DIR; };
		004D53841E63D4FA0031C558 /* AppDelegate.swift */ = {isa = PBXFileReference; lastKnownFileType = sourcecode.swift; path = AppDelegate.swift; sourceTree = "<group>"; };
		004D53861E63D4FA0031C558 /* ViewController.swift */ = {isa = PBXFileReference; lastKnownFileType = sourcecode.swift; path = ViewController.swift; sourceTree = "<group>"; };
		004D53891E63D4FA0031C558 /* Base */ = {isa = PBXFileReference; lastKnownFileType = file.storyboard; name = Base; path = Base.lproj/Main.storyboard; sourceTree = "<group>"; };
		004D538B1E63D4FA0031C558 /* Assets.xcassets */ = {isa = PBXFileReference; lastKnownFileType = folder.assetcatalog; path = Assets.xcassets; sourceTree = "<group>"; };
		004D538E1E63D4FA0031C558 /* Base */ = {isa = PBXFileReference; lastKnownFileType = file.storyboard; name = Base; path = Base.lproj/LaunchScreen.storyboard; sourceTree = "<group>"; };
		004D53901E63D4FA0031C558 /* Info.plist */ = {isa = PBXFileReference; lastKnownFileType = text.plist.xml; path = Info.plist; sourceTree = "<group>"; };
		004D53951E63D4FA0031C558 /* AutoLayoutByProgrammingTests.xctest */ = {isa = PBXFileReference; explicitFileType = wrapper.cfbundle; includeInIndex = 0; path = AutoLayoutByProgrammingTests.xctest; sourceTree = BUILT_PRODUCTS_DIR; };
		004D53991E63D4FA0031C558 /* AutoLayoutByProgrammingTests.swift */ = {isa = PBXFileReference; lastKnownFileType = sourcecode.swift; path = AutoLayoutByProgrammingTests.swift; sourceTree = "<group>"; };
		004D539B1E63D4FA0031C558 /* Info.plist */ = {isa = PBXFileReference; lastKnownFileType = text.plist.xml; path = Info.plist; sourceTree = "<group>"; };
		004D53A01E63D4FA0031C558 /* AutoLayoutByProgrammingUITests.xctest */ = {isa = PBXFileReference; explicitFileType = wrapper.cfbundle; includeInIndex = 0; path = AutoLayoutByProgrammingUITests.xctest; sourceTree = BUILT_PRODUCTS_DIR; };
		004D53A41E63D4FA0031C558 /* AutoLayoutByProgrammingUITests.swift */ = {isa = PBXFileReference; lastKnownFileType = sourcecode.swift; path = AutoLayoutByProgrammingUITests.swift; sourceTree = "<group>"; };
		004D53A61E63D4FA0031C558 /* Info.plist */ = {isa = PBXFileReference; lastKnownFileType = text.plist.xml; path = Info.plist; sourceTree = "<group>"; };
/* End PBXFileReference section */

/* Begin PBXFrameworksBuildPhase section */
		004D537E1E63D4FA0031C558 /* Frameworks */ = {
			isa = PBXFrameworksBuildPhase;
			buildActionMask = 2147483647;
			files = (
			);
			runOnlyForDeploymentPostprocessing = 0;
		};
		004D53921E63D4FA0031C558 /* Frameworks */ = {
			isa = PBXFrameworksBuildPhase;
			buildActionMask = 2147483647;
			files = (
			);
			runOnlyForDeploymentPostprocessing = 0;
		};
		004D539D1E63D4FA0031C558 /* Frameworks */ = {
			isa = PBXFrameworksBuildPhase;
			buildActionMask = 2147483647;
			files = (
			);
			runOnlyForDeploymentPostprocessing = 0;
		};
/* End PBXFrameworksBuildPhase section */

/* Begin PBXGroup section */
		004D53781E63D4FA0031C558 = {
			isa = PBXGroup;
			children = (
				004D53831E63D4FA0031C558 /* AutoLayoutByProgramming */,
				004D53981E63D4FA0031C558 /* AutoLayoutByProgrammingTests */,
				004D53A31E63D4FA0031C558 /* AutoLayoutByProgrammingUITests */,
				004D53821E63D4FA0031C558 /* Products */,
			);
			sourceTree = "<group>";
		};
		004D53821E63D4FA0031C558 /* Products */ = {
			isa = PBXGroup;
			children = (
				004D53811E63D4FA0031C558 /* AutoLayoutByProgramming.app */,
				004D53951E63D4FA0031C558 /* AutoLayoutByProgrammingTests.xctest */,
				004D53A01E63D4FA0031C558 /* AutoLayoutByProgrammingUITests.xctest */,
			);
			name = Products;
			sourceTree = "<group>";
		};
		004D53831E63D4FA0031C558 /* AutoLayoutByProgramming */ = {
			isa = PBXGroup;
			children = (
				004D53841E63D4FA0031C558 /* AppDelegate.swift */,
				004D53861E63D4FA0031C558 /* ViewController.swift */,
				004D53881E63D4FA0031C558 /* Main.storyboard */,
				004D538B1E63D4FA0031C558 /* Assets.xcassets */,
				004D538D1E63D4FA0031C558 /* LaunchScreen.storyboard */,
				004D53901E63D4FA0031C558 /* Info.plist */,
			);
			path = AutoLayoutByProgramming;
			sourceTree = "<group>";
		};
		004D53981E63D4FA0031C558 /* AutoLayoutByProgrammingTests */ = {
			isa = PBXGroup;
			children = (
				004D53991E63D4FA0031C558 /* AutoLayoutByProgrammingTests.swift */,
				004D539B1E63D4FA0031C558 /* Info.plist */,
			);
			path = AutoLayoutByProgrammingTests;
			sourceTree = "<group>";
		};
		004D53A31E63D4FA0031C558 /* AutoLayoutByProgrammingUITests */ = {
			isa = PBXGroup;
			children = (
				004D53A41E63D4FA0031C558 /* AutoLayoutByProgrammingUITests.swift */,
				004D53A61E63D4FA0031C558 /* Info.plist */,
			);
			path = AutoLayoutByProgrammingUITests;
			sourceTree = "<group>";
		};
/* End PBXGroup section */

/* Begin PBXNativeTarget section */
		004D53801E63D4FA0031C558 /* AutoLayoutByProgramming */ = {
			isa = PBXNativeTarget;
			buildConfigurationList = 004D53A91E63D4FA0031C558 /* Build configuration list for PBXNativeTarget "AutoLayoutByProgramming" */;
			buildPhases = (
				004D537D1E63D4FA0031C558 /* Sources */,
				004D537E1E63D4FA0031C558 /* Frameworks */,
				004D537F1E63D4FA0031C558 /* Resources */,
			);
			buildRules = (
			);
			dependencies = (
			);
			name = AutoLayoutByProgramming;
			productName = AutoLayoutByProgramming;
			productReference = 004D53811E63D4FA0031C558 /* AutoLayoutByProgramming.app */;
			productType = "com.apple.product-type.application";
		};
		004D53941E63D4FA0031C558 /* AutoLayoutByProgrammingTests */ = {
			isa = PBXNativeTarget;
			buildConfigurationList = 004D53AC1E63D4FA0031C558 /* Build configuration list for PBXNativeTarget "AutoLayoutByProgrammingTests" */;
			buildPhases = (
				004D53911E63D4FA0031C558 /* Sources */,
				004D53921E63D4FA0031C558 /* Frameworks */,
				004D53931E63D4FA0031C558 /* Resources */,
			);
			buildRules = (
			);
			dependencies = (
				004D53971E63D4FA0031C558 /* PBXTargetDependency */,
			);
			name = AutoLayoutByProgrammingTests;
			productName = AutoLayoutByProgrammingTests;
			productReference = 004D53951E63D4FA0031C558 /* AutoLayoutByProgrammingTests.xctest */;
			productType = "com.apple.product-type.bundle.unit-test";
		};
		004D539F1E63D4FA0031C558 /* AutoLayoutByProgrammingUITests */ = {
			isa = PBXNativeTarget;
			buildConfigurationList = 004D53AF1E63D4FA0031C558 /* Build configuration list for PBXNativeTarget "AutoLayoutByProgrammingUITests" */;
			buildPhases = (
				004D539C1E63D4FA0031C558 /* Sources */,
				004D539D1E63D4FA0031C558 /* Frameworks */,
				004D539E1E63D4FA0031C558 /* Resources */,
			);
			buildRules = (
			);
			dependencies = (
				004D53A21E63D4FA0031C558 /* PBXTargetDependency */,
			);
			name = AutoLayoutByProgrammingUITests;
			productName = AutoLayoutByProgrammingUITests;
			productReference = 004D53A01E63D4FA0031C558 /* AutoLayoutByProgrammingUITests.xctest */;
			productType = "com.apple.product-type.bundle.ui-testing";
		};
/* End PBXNativeTarget section */

/* Begin PBXProject section */
		004D53791E63D4FA0031C558 /* Project object */ = {
			isa = PBXProject;
			attributes = {
				LastSwiftUpdateCheck = 0820;
				LastUpgradeCheck = 0820;
				ORGANIZATIONNAME = "Lê Hồng Phong";
				TargetAttributes = {
					004D53801E63D4FA0031C558 = {
						CreatedOnToolsVersion = 8.2.1;
						DevelopmentTeam = 8FWWK23S85;
						ProvisioningStyle = Automatic;
					};
					004D53941E63D4FA0031C558 = {
						CreatedOnToolsVersion = 8.2.1;
						DevelopmentTeam = 8FWWK23S85;
						ProvisioningStyle = Automatic;
						TestTargetID = 004D53801E63D4FA0031C558;
					};
					004D539F1E63D4FA0031C558 = {
						CreatedOnToolsVersion = 8.2.1;
						DevelopmentTeam = 8FWWK23S85;
						ProvisioningStyle = Automatic;
						TestTargetID = 004D53801E63D4FA0031C558;
					};
				};
			};
			buildConfigurationList = 004D537C1E63D4FA0031C558 /* Build configuration list for PBXProject "AutoLayoutByProgramming" */;
			compatibilityVersion = "Xcode 3.2";
			developmentRegion = English;
			hasScannedForEncodings = 0;
			knownRegions = (
				en,
				Base,
			);
			mainGroup = 004D53781E63D4FA0031C558;
			productRefGroup = 004D53821E63D4FA0031C558 /* Products */;
			projectDirPath = "";
			projectRoot = "";
			targets = (
				004D53801E63D4FA0031C558 /* AutoLayoutByProgramming */,
				004D53941E63D4FA0031C558 /* AutoLayoutByProgrammingTests */,
				004D539F1E63D4FA0031C558 /* AutoLayoutByProgrammingUITests */,
			);
		};
/* End PBXProject section */

/* Begin PBXResourcesBuildPhase section */
		004D537F1E63D4FA0031C558 /* Resources */ = {
			isa = PBXResourcesBuildPhase;
			buildActionMask = 2147483647;
			files = (
				004D538F1E63D4FA0031C558 /* LaunchScreen.storyboard in Resources */,
				004D538C1E63D4FA0031C558 /* Assets.xcassets in Resources */,
				004D538A1E63D4FA0031C558 /* Main.storyboard in Resources */,
			);
			runOnlyForDeploymentPostprocessing = 0;
		};
		004D53931E63D4FA0031C558 /* Resources */ = {
			isa = PBXResourcesBuildPhase;
			buildActionMask = 2147483647;
			files = (
			);
			runOnlyForDeploymentPostprocessing = 0;
		};
		004D539E1E63D4FA0031C558 /* Resources */ = {
			isa = PBXResourcesBuildPhase;
			buildActionMask = 2147483647;
			files = (
			);
			runOnlyForDeploymentPostprocessing = 0;
		};
/* End PBXResourcesBuildPhase section */

/* Begin PBXSourcesBuildPhase section */
		004D537D1E63D4FA0031C558 /* Sources */ = {
			isa = PBXSourcesBuildPhase;
			buildActionMask = 2147483647;
			files = (
				004D53871E63D4FA0031C558 /* ViewController.swift in Sources */,
				004D53851E63D4FA0031C558 /* AppDelegate.swift in Sources */,
			);
			runOnlyForDeploymentPostprocessing = 0;
		};
		004D53911E63D4FA0031C558 /* Sources */ = {
			isa = PBXSourcesBuildPhase;
			buildActionMask = 2147483647;
			files = (
				004D539A1E63D4FA0031C558 /* AutoLayoutByProgrammingTests.swift in Sources */,
			);
			runOnlyForDeploymentPostprocessing = 0;
		};
		004D539C1E63D4FA0031C558 /* Sources */ = {
			isa = PBXSourcesBuildPhase;
			buildActionMask = 2147483647;
			files = (
				004D53A51E63D4FA0031C558 /* AutoLayoutByProgrammingUITests.swift in Sources */,
			);
			runOnlyForDeploymentPostprocessing = 0;
		};
/* End PBXSourcesBuildPhase section */

/* Begin PBXTargetDependency section */
		004D53971E63D4FA0031C558 /* PBXTargetDependency */ = {
			isa = PBXTargetDependency;
			target = 004D53801E63D4FA0031C558 /* AutoLayoutByProgramming */;
			targetProxy = 004D53961E63D4FA0031C558 /* PBXContainerItemProxy */;
		};
		004D53A21E63D4FA0031C558 /* PBXTargetDependency */ = {
			isa = PBXTargetDependency;
			target = 004D53801E63D4FA0031C558 /* AutoLayoutByProgramming */;
			targetProxy = 004D53A11E63D4FA0031C558 /* PBXContainerItemProxy */;
		};
/* End PBXTargetDependency section */

/* Begin PBXVariantGroup section */
		004D53881E63D4FA0031C558 /* Main.storyboard */ = {
			isa = PBXVariantGroup;
			children = (
				004D53891E63D4FA0031C558 /* Base */,
			);
			name = Main.storyboard;
			sourceTree = "<group>";
		};
		004D538D1E63D4FA0031C558 /* LaunchScreen.storyboard */ = {
			isa = PBXVariantGroup;
			children = (
				004D538E1E63D4FA0031C558 /* Base */,
			);
			name = LaunchScreen.storyboard;
			sourceTree = "<group>";
		};
/* End PBXVariantGroup section */

/* Begin XCBuildConfiguration section */
		004D53A71E63D4FA0031C558 /* Debug */ = {
			isa = XCBuildConfiguration;
			buildSettings = {
				ALWAYS_SEARCH_USER_PATHS = NO;
				CLANG_ANALYZER_NONNULL = YES;
				CLANG_CXX_LANGUAGE_STANDARD = "gnu++0x";
				CLANG_CXX_LIBRARY = "libc++";
				CLANG_ENABLE_MODULES = YES;
				CLANG_ENABLE_OBJC_ARC = YES;
				CLANG_WARN_BOOL_CONVERSION = YES;
				CLANG_WARN_CONSTANT_CONVERSION = YES;
				CLANG_WARN_DIRECT_OBJC_ISA_USAGE = YES_ERROR;
				CLANG_WARN_DOCUMENTATION_COMMENTS = YES;
				CLANG_WARN_EMPTY_BODY = YES;
				CLANG_WARN_ENUM_CONVERSION = YES;
				CLANG_WARN_INFINITE_RECURSION = YES;
				CLANG_WARN_INT_CONVERSION = YES;
				CLANG_WARN_OBJC_ROOT_CLASS = YES_ERROR;
				CLANG_WARN_SUSPICIOUS_MOVE = YES;
				CLANG_WARN_UNREACHABLE_CODE = YES;
				CLANG_WARN__DUPLICATE_METHOD_MATCH = YES;
				"CODE_SIGN_IDENTITY[sdk=iphoneos*]" = "iPhone Developer";
				COPY_PHASE_STRIP = NO;
				DEBUG_INFORMATION_FORMAT = dwarf;
				ENABLE_STRICT_OBJC_MSGSEND = YES;
				ENABLE_TESTABILITY = YES;
				GCC_C_LANGUAGE_STANDARD = gnu99;
				GCC_DYNAMIC_NO_PIC = NO;
				GCC_NO_COMMON_BLOCKS = YES;
				GCC_OPTIMIZATION_LEVEL = 0;
				GCC_PREPROCESSOR_DEFINITIONS = (
					"DEBUG=1",
					"$(inherited)",
				);
				GCC_WARN_64_TO_32_BIT_CONVERSION = YES;
				GCC_WARN_ABOUT_RETURN_TYPE = YES_ERROR;
				GCC_WARN_UNDECLARED_SELECTOR = YES;
				GCC_WARN_UNINITIALIZED_AUTOS = YES_AGGRESSIVE;
				GCC_WARN_UNUSED_FUNCTION = YES;
				GCC_WARN_UNUSED_VARIABLE = YES;
				IPHONEOS_DEPLOYMENT_TARGET = 10.2;
				MTL_ENABLE_DEBUG_INFO = YES;
				ONLY_ACTIVE_ARCH = YES;
				SDKROOT = iphoneos;
				SWIFT_ACTIVE_COMPILATION_CONDITIONS = DEBUG;
				SWIFT_OPTIMIZATION_LEVEL = "-Onone";
				TARGETED_DEVICE_FAMILY = "1,2";
			};
			name = Debug;
		};
		004D53A81E63D4FA0031C558 /* Release */ = {
			isa = XCBuildConfiguration;
			buildSettings = {
				ALWAYS_SEARCH_USER_PATHS = NO;
				CLANG_ANALYZER_NONNULL = YES;
				CLANG_CXX_LANGUAGE_STANDARD = "gnu++0x";
				CLANG_CXX_LIBRARY = "libc++";
				CLANG_ENABLE_MODULES = YES;
				CLANG_ENABLE_OBJC_ARC = YES;
				CLANG_WARN_BOOL_CONVERSION = YES;
				CLANG_WARN_CONSTANT_CONVERSION = YES;
				CLANG_WARN_DIRECT_OBJC_ISA_USAGE = YES_ERROR;
				CLANG_WARN_DOCUMENTATION_COMMENTS = YES;
				CLANG_WARN_EMPTY_BODY = YES;
				CLANG_WARN_ENUM_CONVERSION = YES;
				CLANG_WARN_INFINITE_RECURSION = YES;
				CLANG_WARN_INT_CONVERSION = YES;
				CLANG_WARN_OBJC_ROOT_CLASS = YES_ERROR;
				CLANG_WARN_SUSPICIOUS_MOVE = YES;
				CLANG_WARN_UNREACHABLE_CODE = YES;
				CLANG_WARN__DUPLICATE_METHOD_MATCH = YES;
				"CODE_SIGN_IDENTITY[sdk=iphoneos*]" = "iPhone Developer";
				COPY_PHASE_STRIP = NO;
				DEBUG_INFORMATION_FORMAT = "dwarf-with-dsym";
				ENABLE_NS_ASSERTIONS = NO;
				ENABLE_STRICT_OBJC_MSGSEND = YES;
				GCC_C_LANGUAGE_STANDARD = gnu99;
				GCC_NO_COMMON_BLOCKS = YES;
				GCC_WARN_64_TO_32_BIT_CONVERSION = YES;
				GCC_WARN_ABOUT_RETURN_TYPE = YES_ERROR;
				GCC_WARN_UNDECLARED_SELECTOR = YES;
				GCC_WARN_UNINITIALIZED_AUTOS = YES_AGGRESSIVE;
				GCC_WARN_UNUSED_FUNCTION = YES;
				GCC_WARN_UNUSED_VARIABLE = YES;
				IPHONEOS_DEPLOYMENT_TARGET = 10.2;
				MTL_ENABLE_DEBUG_INFO = NO;
				SDKROOT = iphoneos;
				SWIFT_OPTIMIZATION_LEVEL = "-Owholemodule";
				TARGETED_DEVICE_FAMILY = "1,2";
				VALIDATE_PRODUCT = YES;
			};
			name = Release;
		};
		004D53AA1E63D4FA0031C558 /* Debug */ = {
			isa = XCBuildConfiguration;
			buildSettings = {
				ASSETCATALOG_COMPILER_APPICON_NAME = AppIcon;
				DEVELOPMENT_TEAM = 8FWWK23S85;
				INFOPLIST_FILE = AutoLayoutByProgramming/Info.plist;
				LD_RUNPATH_SEARCH_PATHS = "$(inherited) @executable_path/Frameworks";
				PRODUCT_BUNDLE_IDENTIFIER = PhongLe.AutoLayoutByProgramming;
				PRODUCT_NAME = "$(TARGET_NAME)";
				SWIFT_VERSION = 3.0;
			};
			name = Debug;
		};
		004D53AB1E63D4FA0031C558 /* Release */ = {
			isa = XCBuildConfiguration;
			buildSettings = {
				ASSETCATALOG_COMPILER_APPICON_NAME = AppIcon;
				DEVELOPMENT_TEAM = 8FWWK23S85;
				INFOPLIST_FILE = AutoLayoutByProgramming/Info.plist;
				LD_RUNPATH_SEARCH_PATHS = "$(inherited) @executable_path/Frameworks";
				PRODUCT_BUNDLE_IDENTIFIER = PhongLe.AutoLayoutByProgramming;
				PRODUCT_NAME = "$(TARGET_NAME)";
				SWIFT_VERSION = 3.0;
			};
			name = Release;
		};
		004D53AD1E63D4FA0031C558 /* Debug */ = {
			isa = XCBuildConfiguration;
			buildSettings = {
				ALWAYS_EMBED_SWIFT_STANDARD_LIBRARIES = YES;
				BUNDLE_LOADER = "$(TEST_HOST)";
				DEVELOPMENT_TEAM = 8FWWK23S85;
				INFOPLIST_FILE = AutoLayoutByProgrammingTests/Info.plist;
				LD_RUNPATH_SEARCH_PATHS = "$(inherited) @executable_path/Frameworks @loader_path/Frameworks";
				PRODUCT_BUNDLE_IDENTIFIER = PhongLe.AutoLayoutByProgrammingTests;
				PRODUCT_NAME = "$(TARGET_NAME)";
				SWIFT_VERSION = 3.0;
				TEST_HOST = "$(BUILT_PRODUCTS_DIR)/AutoLayoutByProgramming.app/AutoLayoutByProgramming";
			};
			name = Debug;
		};
		004D53AE1E63D4FA0031C558 /* Release */ = {
			isa = XCBuildConfiguration;
			buildSettings = {
				ALWAYS_EMBED_SWIFT_STANDARD_LIBRARIES = YES;
				BUNDLE_LOADER = "$(TEST_HOST)";
				DEVELOPMENT_TEAM = 8FWWK23S85;
				INFOPLIST_FILE = AutoLayoutByProgrammingTests/Info.plist;
				LD_RUNPATH_SEARCH_PATHS = "$(inherited) @executable_path/Frameworks @loader_path/Frameworks";
				PRODUCT_BUNDLE_IDENTIFIER = PhongLe.AutoLayoutByProgrammingTests;
				PRODUCT_NAME = "$(TARGET_NAME)";
				SWIFT_VERSION = 3.0;
				TEST_HOST = "$(BUILT_PRODUCTS_DIR)/AutoLayoutByProgramming.app/AutoLayoutByProgramming";
			};
			name = Release;
		};
		004D53B01E63D4FA0031C558 /* Debug */ = {
			isa = XCBuildConfiguration;
			buildSettings = {
				ALWAYS_EMBED_SWIFT_STANDARD_LIBRARIES = YES;
				DEVELOPMENT_TEAM = 8FWWK23S85;
				INFOPLIST_FILE = AutoLayoutByProgrammingUITests/Info.plist;
				LD_RUNPATH_SEARCH_PATHS = "$(inherited) @executable_path/Frameworks @loader_path/Frameworks";
				PRODUCT_BUNDLE_IDENTIFIER = PhongLe.AutoLayoutByProgrammingUITests;
				PRODUCT_NAME = "$(TARGET_NAME)";
				SWIFT_VERSION = 3.0;
				TEST_TARGET_NAME = AutoLayoutByProgramming;
			};
			name = Debug;
		};
		004D53B11E63D4FA0031C558 /* Release */ = {
			isa = XCBuildConfiguration;
			buildSettings = {
				ALWAYS_EMBED_SWIFT_STANDARD_LIBRARIES = YES;
				DEVELOPMENT_TEAM = 8FWWK23S85;
				INFOPLIST_FILE = AutoLayoutByProgrammingUITests/Info.plist;
				LD_RUNPATH_SEARCH_PATHS = "$(inherited) @executable_path/Frameworks @loader_path/Frameworks";
				PRODUCT_BUNDLE_IDENTIFIER = PhongLe.AutoLayoutByProgrammingUITests;
				PRODUCT_NAME = "$(TARGET_NAME)";
				SWIFT_VERSION = 3.0;
				TEST_TARGET_NAME = AutoLayoutByProgramming;
			};
			name = Release;
		};
/* End XCBuildConfiguration section */

/* Begin XCConfigurationList section */
		004D537C1E63D4FA0031C558 /* Build configuration list for PBXProject "AutoLayoutByProgramming" */ = {
			isa = XCConfigurationList;
			buildConfigurations = (
				004D53A71E63D4FA0031C558 /* Debug */,
				004D53A81E63D4FA0031C558 /* Release */,
			);
			defaultConfigurationIsVisible = 0;
			defaultConfigurationName = Release;
		};
		004D53A91E63D4FA0031C558 /* Build configuration list for PBXNativeTarget "AutoLayoutByProgramming" */ = {
			isa = XCConfigurationList;
			buildConfigurations = (
				004D53AA1E63D4FA0031C558 /* Debug */,
				004D53AB1E63D4FA0031C558 /* Release */,
			);
			defaultConfigurationIsVisible = 0;
		};
		004D53AC1E63D4FA0031C558 /* Build configuration list for PBXNativeTarget "AutoLayoutByProgrammingTests" */ = {
			isa = XCConfigurationList;
			buildConfigurations = (
				004D53AD1E63D4FA0031C558 /* Debug */,
				004D53AE1E63D4FA0031C558 /* Release */,
			);
			defaultConfigurationIsVisible = 0;
		};
		004D53AF1E63D4FA0031C558 /* Build configuration list for PBXNativeTarget "AutoLayoutByProgrammingUITests" */ = {
			isa = XCConfigurationList;
			buildConfigurations = (
				004D53B01E63D4FA0031C558 /* Debug */,
				004D53B11E63D4FA0031C558 /* Release */,
			);
			defaultConfigurationIsVisible = 0;
		};
/* End XCConfigurationList section */
	};
	rootObject = 004D53791E63D4FA0031C558 /* Project object */;
}
